zmk zmk edf5c0814fd3ea202e43aad2d68fd32e882a518c
zmk-rgbled-widget zmk-rgbled-widget 8756cb7b8114069fa3c25c6f6c990f24988fceff
zmk_driver_azoteq zmk_driver_azoteq c329f309b7481e5723603550b15f48e24d0c8a6a
zmk-input-zoom zmk-input-zoom 91bbe0c0e02145da50c9df798489479d28be1804
zephyr zephyr dacab4875df72109b96cc8977547a0dc04875bcd
nanopb modules/lib/nanopb 8c60555d6277a0360c876bd85d491fc4fb0cd74a
zmk-studio-messages modules/msgs/zmk-studio-messages 6cb4c283e76209d59c45fbcb218800cd19e9339d
acpica modules/lib/acpica 0333c2af13179f9b33d495cf7cb9a509f751cbb1
canopennode modules/lib/canopennode dec12fa3f0d790cafa8414a4c2930ea71ab72ffd
cmsis modules/hal/cmsis 5a00331455dd74e31e80efa383a489faea0590e3
cmsis-dsp modules/lib/cmsis-dsp ff7b5fd1ea5f094665c090c343ec44e74dc0b193
cmsis-nn modules/lib/cmsis-nn 0c8669d81381ccf3b1a01d699f3b68b50134a99f
fatfs modules/fs/fatfs 427159bf95ea49b7680facffaa29ad506b42709b
hal_ambiq modules/hal/ambiq 0a7c99325aa73a1ef777501da91c2c6608661e56
hal_atmel modules/hal/atmel 5ab43007eda3f380c125f957f03638d2e8d1144d
hal_espressif modules/hal/espressif 31fc5758f3507f8f0af00b1dea1a0df7af99bfc0
hal_ethos_u modules/hal/ethos_u 90ada2ea5681b2a2722a10d2898eac34c2510791
hal_gigadevice modules/hal/gigadevice 2994b7dde8b0b0fa9b9c0ccb13474b6a486cddc3
hal_intel modules/hal/intel b3b43d4e3da7ba483611bbbea7ef8af92c69df31
hal_nordic modules/hal/nordic 884c4d61746bc35fbd379c169fc87ddb56c6461d
hal_nuvoton modules/hal/nuvoton 3e0a4c4d3328b2f72b164219add19d5308b53cb5
hal_quicklogic modules/hal/quicklogic b3a66fe6d04d87fd1533a5c8de51d0599fcd08d0
hal_renesas modules/hal/renesas a6cf2af9140e014fbbc48d2b6deb802231dd369f
hal_rpi_pico modules/hal/rpi_pico fba7162cc7bee06d0149622bbcaac4e41062d368
hal_stm32 modules/hal/stm32 89ef0a3383edebf661073073bcdf6e2836fe90ee
hal_telink modules/hal/telink 38573af589173259801ae6c2b34b7d4c9e626746
hal_wurthelektronik modules/hal/wurthelektronik 24ca9873c3d608fad1fea0431836bc8f144c132e
libmetal modules/hal/libmetal b91611a6f47dd29fb24c46e5621e797557f80ec6
liblc3 modules/lib/liblc3 448f3de31f49a838988a162ef1e23a89ddf2d2ed
littlefs modules/fs/littlefs ca583fd297ceb48bced3c2548600dc615d67af24
lvgl modules/lib/gui/lvgl 8a6a2d1d29d17d1e4bdc94c243c146a39d635fdd
mbedtls modules/crypto/mbedtls c38dc78d9a8dcbe43b898cc1171ab33ba3e6fc26
mipi-sys-t modules/debug/mipi-sys-t a819419603a2dfcb47f7f39092e1bc112e45d1ef
nrf_hw_models modules/bsim_hw_models/nrf_hw_models f4595802d32d103718bf50b3d390b7a450895843
open-amp modules/lib/open-amp 42b7c577714b8f22ce82a901e19c1814af4609a8
percepio modules/debug/percepio a3728efccc47dd372f40e6313589ca4c5cc7d5e9
picolibc modules/lib/picolibc d07c38ff051386f8e09a143ea0a6c1d6d66dd1d8
segger modules/debug/segger 9d0191285956cef43daf411edc2f1a7788346def
tinycrypt modules/crypto/tinycrypt 3e9a49d2672ec01435ffbf0d788db6d95ef28de0
trusted-firmware-a modules/tee/tf-a/trusted-firmware-a 421dc050278287839f5c70019bd6aec617f2bbdb
uoscore-uedhoc modules/lib/uoscore-uedhoc 5fe2cb613bd7e4590bd1b00c2adf181ac0229379
zcbor modules/lib/zcbor 67fd8bb88d3136738661fa8bb5f9989103f4599e
